
Microsoft Visual Studio Solution File, Format Version 12.00
# Visual Studio Version 16
VisualStudioVersion = 16.0.34601.136
MinimumVisualStudioVersion = 10.0.40219.1
Project("{FAE04EC0-301F-11D3-BF4B-00C04F79EFBC}") = "LAB4_Task1", "LAB4_Task1\LAB4_Task1.csproj", "{19A7B85F-A46B-42C0-BD93-EA476F8219E2}"
EndProject
Global
	GlobalSection(SolutionConfigurationPlatforms) = preSolution
		Debug|Any CPU = Debug|Any CPU
		Release|Any CPU = Release|Any CPU
	EndGlobalSection
	GlobalSection(ProjectConfigurationPlatforms) = postSolution
		{19A7B85F-A46B-42C0-BD93-EA476F8219E2}.Debug|Any CPU.ActiveCfg = Debug|Any CPU
		{19A7B85F-A46B-42C0-BD93-EA476F8219E2}.Debug|Any CPU.Build.0 = Debug|Any CPU
		{19A7B85F-A46B-42C0-BD93-EA476F8219E2}.Release|Any CPU.ActiveCfg = Release|Any CPU
		{19A7B85F-A46B-42C0-BD93-EA476F8219E2}.Release|Any CPU.Build.0 = Release|Any CPU
	EndGlobalSection
	GlobalSection(SolutionProperties) = preSolution
		HideSolutionNode = FALSE
	EndGlobalSection
	GlobalSection(ExtensibilityGlobals) = postSolution
		SolutionGuid = {ED63A4BD-DB92-4F1C-BD3A-33CB5B494086}
	EndGlobalSection
EndGlobal
